
Microsoft Visual Studio Solution File, Format Version 12.00
# Visual Studio Version 17
VisualStudioVersion = 17.11.35219.272
MinimumVisualStudioVersion = 10.0.40219.1
Project("{FAE04EC0-301F-11D3-BF4B-00C04F79EFBC}") = "lesson07", "lesson07\lesson07.csproj", "{14E2566A-6BAC-4816-8695-48770997F8A9}"
EndProject
Global
	GlobalSection(SolutionConfigurationPlatforms) = preSolution
		Debug|Any CPU = Debug|Any CPU
		Release|Any CPU = Release|Any CPU
	EndGlobalSection
	GlobalSection(ProjectConfigurationPlatforms) = postSolution
		{14E2566A-6BAC-4816-8695-48770997F8A9}.Debug|Any CPU.ActiveCfg = Debug|Any CPU
		{14E2566A-6BAC-4816-8695-48770997F8A9}.Debug|Any CPU.Build.0 = Debug|Any CPU
		{14E2566A-6BAC-4816-8695-48770997F8A9}.Release|Any CPU.ActiveCfg = Release|Any CPU
		{14E2566A-6BAC-4816-8695-48770997F8A9}.Release|Any CPU.Build.0 = Release|Any CPU
	EndGlobalSection
	GlobalSection(SolutionProperties) = preSolution
		HideSolutionNode = FALSE
	EndGlobalSection
	GlobalSection(ExtensibilityGlobals) = postSolution
		SolutionGuid = {021A27F2-10C2-43F4-A546-C9B3969F23C0}
	EndGlobalSection
EndGlobal
